
Microsoft Visual Studio Solution File, Format Version 12.00
# Visual Studio 15
VisualStudioVersion = 15.0.28307.1684
MinimumVisualStudioVersion = 10.0.40219.1
Project("{8BC9CEB8-8B4A-11D0-8D11-00A0C91BC942}") = "p12", "p12\p12.vcxproj", "{D367847D-D802-4168-B58E-B67DB919080C}"
EndProject
Global
	GlobalSection(SolutionConfigurationPlatforms) = preSolution
		Debug|x64 = Debug|x64
		Debug|x86 = Debug|x86
		Release|x64 = Release|x64
		Release|x86 = Release|x86
	EndGlobalSection
	GlobalSection(ProjectConfigurationPlatforms) = postSolution
		{D367847D-D802-4168-B58E-B67DB919080C}.Debug|x64.ActiveCfg = Debug|x64
		{D367847D-D802-4168-B58E-B67DB919080C}.Debug|x64.Build.0 = Debug|x64
		{D367847D-D802-4168-B58E-B67DB919080C}.Debug|x86.ActiveCfg = Debug|Win32
		{D367847D-D802-4168-B58E-B67DB919080C}.Debug|x86.Build.0 = Debug|Win32
		{D367847D-D802-4168-B58E-B67DB919080C}.Release|x64.ActiveCfg = Release|x64
		{D367847D-D802-4168-B58E-B67DB919080C}.Release|x64.Build.0 = Release|x64
		{D367847D-D802-4168-B58E-B67DB919080C}.Release|x86.ActiveCfg = Release|Win32
		{D367847D-D802-4168-B58E-B67DB919080C}.Release|x86.Build.0 = Release|Win32
	EndGlobalSection
	GlobalSection(SolutionProperties) = preSolution
		HideSolutionNode = FALSE
	EndGlobalSection
	GlobalSection(ExtensibilityGlobals) = postSolution
		SolutionGuid = {A2F67B95-78B4-4CC6-A100-A10B13E5BA19}
	EndGlobalSection
EndGlobal
