
Microsoft Visual Studio Solution File, Format Version 12.00
# Visual Studio 15
VisualStudioVersion = 15.0.28307.1684
MinimumVisualStudioVersion = 10.0.40219.1
Project("{8BC9CEB8-8B4A-11D0-8D11-00A0C91BC942}") = "p27", "p27\p27.vcxproj", "{63D15CFB-A958-472F-835C-3070AD8C9837}"
EndProject
Global
	GlobalSection(SolutionConfigurationPlatforms) = preSolution
		Debug|x64 = Debug|x64
		Debug|x86 = Debug|x86
		Release|x64 = Release|x64
		Release|x86 = Release|x86
	EndGlobalSection
	GlobalSection(ProjectConfigurationPlatforms) = postSolution
		{63D15CFB-A958-472F-835C-3070AD8C9837}.Debug|x64.ActiveCfg = Debug|x64
		{63D15CFB-A958-472F-835C-3070AD8C9837}.Debug|x64.Build.0 = Debug|x64
		{63D15CFB-A958-472F-835C-3070AD8C9837}.Debug|x86.ActiveCfg = Debug|Win32
		{63D15CFB-A958-472F-835C-3070AD8C9837}.Debug|x86.Build.0 = Debug|Win32
		{63D15CFB-A958-472F-835C-3070AD8C9837}.Release|x64.ActiveCfg = Release|x64
		{63D15CFB-A958-472F-835C-3070AD8C9837}.Release|x64.Build.0 = Release|x64
		{63D15CFB-A958-472F-835C-3070AD8C9837}.Release|x86.ActiveCfg = Release|Win32
		{63D15CFB-A958-472F-835C-3070AD8C9837}.Release|x86.Build.0 = Release|Win32
	EndGlobalSection
	GlobalSection(SolutionProperties) = preSolution
		HideSolutionNode = FALSE
	EndGlobalSection
	GlobalSection(ExtensibilityGlobals) = postSolution
		SolutionGuid = {C1487967-307E-42A1-A9B3-C177A6929DEA}
	EndGlobalSection
EndGlobal
