
Microsoft Visual Studio Solution File, Format Version 12.00
# Visual Studio 15
VisualStudioVersion = 15.0.28307.1684
MinimumVisualStudioVersion = 10.0.40219.1
Project("{8BC9CEB8-8B4A-11D0-8D11-00A0C91BC942}") = "p16", "p16\p16.vcxproj", "{3663F940-B189-416C-ACA8-2AEA4757865F}"
EndProject
Global
	GlobalSection(SolutionConfigurationPlatforms) = preSolution
		Debug|x64 = Debug|x64
		Debug|x86 = Debug|x86
		Release|x64 = Release|x64
		Release|x86 = Release|x86
	EndGlobalSection
	GlobalSection(ProjectConfigurationPlatforms) = postSolution
		{3663F940-B189-416C-ACA8-2AEA4757865F}.Debug|x64.ActiveCfg = Debug|x64
		{3663F940-B189-416C-ACA8-2AEA4757865F}.Debug|x64.Build.0 = Debug|x64
		{3663F940-B189-416C-ACA8-2AEA4757865F}.Debug|x86.ActiveCfg = Debug|Win32
		{3663F940-B189-416C-ACA8-2AEA4757865F}.Debug|x86.Build.0 = Debug|Win32
		{3663F940-B189-416C-ACA8-2AEA4757865F}.Release|x64.ActiveCfg = Release|x64
		{3663F940-B189-416C-ACA8-2AEA4757865F}.Release|x64.Build.0 = Release|x64
		{3663F940-B189-416C-ACA8-2AEA4757865F}.Release|x86.ActiveCfg = Release|Win32
		{3663F940-B189-416C-ACA8-2AEA4757865F}.Release|x86.Build.0 = Release|Win32
	EndGlobalSection
	GlobalSection(SolutionProperties) = preSolution
		HideSolutionNode = FALSE
	EndGlobalSection
	GlobalSection(ExtensibilityGlobals) = postSolution
		SolutionGuid = {F17F6287-B70E-4DC1-B791-833F1C79AF00}
	EndGlobalSection
EndGlobal
